// !$*UTF8*$!
{
	archiveVersion = 1;
	classes = {
	};
	objectVersion = 46;
	objects = {

/* Begin PBXBuildFile section */
		181973391D34B1E800B38BB0 /* LICENSE in Resources */ = {isa = PBXBuildFile; fileRef = 1819732A1D34B1E800B38BB0 /* LICENSE */; };
		1819733A1D34B1E800B38BB0 /* README.md in Sources */ = {isa = PBXBuildFile; fileRef = 1819732B1D34B1E800B38BB0 /* README.md */; };
		1819733B1D34B1E800B38BB0 /* Constraint.swift in Sources */ = {isa = PBXBuildFile; fileRef = 1819732D1D34B1E800B38BB0 /* Constraint.swift */; };
		1819733C1D34B1E800B38BB0 /* ConstraintAttributes.swift in Sources */ = {isa = PBXBuildFile; fileRef = 1819732E1D34B1E800B38BB0 /* ConstraintAttributes.swift */; };
		1819733D1D34B1E800B38BB0 /* ConstraintDescription.swift in Sources */ = {isa = PBXBuildFile; fileRef = 1819732F1D34B1E800B38BB0 /* ConstraintDescription.swift */; };
		1819733E1D34B1E800B38BB0 /* ConstraintItem.swift in Sources */ = {isa = PBXBuildFile; fileRef = 181973301D34B1E800B38BB0 /* ConstraintItem.swift */; };
		1819733F1D34B1E800B38BB0 /* ConstraintMaker.swift in Sources */ = {isa = PBXBuildFile; fileRef = 181973311D34B1E800B38BB0 /* ConstraintMaker.swift */; };
		181973401D34B1E800B38BB0 /* ConstraintRelation.swift in Sources */ = {isa = PBXBuildFile; fileRef = 181973321D34B1E800B38BB0 /* ConstraintRelation.swift */; };
		181973411D34B1E800B38BB0 /* Debugging.swift in Sources */ = {isa = PBXBuildFile; fileRef = 181973331D34B1E800B38BB0 /* Debugging.swift */; };
		181973421D34B1E800B38BB0 /* EdgeInsets.swift in Sources */ = {isa = PBXBuildFile; fileRef = 181973341D34B1E800B38BB0 /* EdgeInsets.swift */; };
		181973431D34B1E800B38BB0 /* LayoutConstraint.swift in Sources */ = {isa = PBXBuildFile; fileRef = 181973351D34B1E800B38BB0 /* LayoutConstraint.swift */; };
		181973441D34B1E800B38BB0 /* SnapKit.swift in Sources */ = {isa = PBXBuildFile; fileRef = 181973361D34B1E800B38BB0 /* SnapKit.swift */; };
		181973451D34B1E800B38BB0 /* View+SnapKit.swift in Sources */ = {isa = PBXBuildFile; fileRef = 181973371D34B1E800B38BB0 /* View+SnapKit.swift */; };
		181973461D34B1E800B38BB0 /* ViewController+SnapKit.swift in Sources */ = {isa = PBXBuildFile; fileRef = 181973381D34B1E800B38BB0 /* ViewController+SnapKit.swift */; };
		18E5F0641D31FC1E008B8001 /* MyTableViewCell.swift in Sources */ = {isa = PBXBuildFile; fileRef = 18E5F0621D31FC1E008B8001 /* MyTableViewCell.swift */; };
		18E5F0651D31FC1E008B8001 /* MyTableViewCell.xib in Resources */ = {isa = PBXBuildFile; fileRef = 18E5F0631D31FC1E008B8001 /* MyTableViewCell.xib */; };
		18E5F0671D31FC35008B8001 /* AppModel.swift in Sources */ = {isa = PBXBuildFile; fileRef = 18E5F0661D31FC35008B8001 /* AppModel.swift */; };
		18E5F0691D31FC42008B8001 /* MainService.swift in Sources */ = {isa = PBXBuildFile; fileRef = 18E5F0681D31FC42008B8001 /* MainService.swift */; };
		18E5F06B1D31FC7E008B8001 /* FreeViewController.swift in Sources */ = {isa = PBXBuildFile; fileRef = 18E5F06A1D31FC7E008B8001 /* FreeViewController.swift */; };
		18E5F08E1D31FCFA008B8001 /* NSData+ImageContentType.m in Sources */ = {isa = PBXBuildFile; fileRef = 18E5F0721D31FCFA008B8001 /* NSData+ImageContentType.m */; };
		18E5F08F1D31FCFA008B8001 /* SDImageCache.m in Sources */ = {isa = PBXBuildFile; fileRef = 18E5F0741D31FCFA008B8001 /* SDImageCache.m */; };
		18E5F0901D31FCFA008B8001 /* SDWebImageCompat.m in Sources */ = {isa = PBXBuildFile; fileRef = 18E5F0761D31FCFA008B8001 /* SDWebImageCompat.m */; };
		18E5F0911D31FCFA008B8001 /* SDWebImageDecoder.m in Sources */ = {isa = PBXBuildFile; fileRef = 18E5F0781D31FCFA008B8001 /* SDWebImageDecoder.m */; };
		18E5F0921D31FCFA008B8001 /* SDWebImageDownloader.m in Sources */ = {isa = PBXBuildFile; fileRef = 18E5F07A1D31FCFA008B8001 /* SDWebImageDownloader.m */; };
		18E5F0931D31FCFA008B8001 /* SDWebImageDownloaderOperation.m in Sources */ = {isa = PBXBuildFile; fileRef = 18E5F07C1D31FCFA008B8001 /* SDWebImageDownloaderOperation.m */; };
		18E5F0941D31FCFA008B8001 /* SDWebImageManager.m in Sources */ = {isa = PBXBuildFile; fileRef = 18E5F07E1D31FCFA008B8001 /* SDWebImageManager.m */; };
		18E5F0951D31FCFA008B8001 /* SDWebImagePrefetcher.m in Sources */ = {isa = PBXBuildFile; fileRef = 18E5F0811D31FCFA008B8001 /* SDWebImagePrefetcher.m */; };
		18E5F0961D31FCFA008B8001 /* UIButton+WebCache.m in Sources */ = {isa = PBXBuildFile; fileRef = 18E5F0831D31FCFA008B8001 /* UIButton+WebCache.m */; };
		18E5F0971D31FCFA008B8001 /* UIImage+GIF.m in Sources */ = {isa = PBXBuildFile; fileRef = 18E5F0851D31FCFA008B8001 /* UIImage+GIF.m */; };
		18E5F0981D31FCFA008B8001 /* UIImage+MultiFormat.m in Sources */ = {isa = PBXBuildFile; fileRef = 18E5F0871D31FCFA008B8001 /* UIImage+MultiFormat.m */; };
		18E5F0991D31FCFA008B8001 /* UIImageView+HighlightedWebCache.m in Sources */ = {isa = PBXBuildFile; fileRef = 18E5F0891D31FCFA008B8001 /* UIImageView+HighlightedWebCache.m */; };
		18E5F09A1D31FCFA008B8001 /* UIImageView+WebCache.m in Sources */ = {isa = PBXBuildFile; fileRef = 18E5F08B1D31FCFA008B8001 /* UIImageView+WebCache.m */; };
		18E5F09B1D31FCFA008B8001 /* UIView+WebCacheOperation.m in Sources */ = {isa = PBXBuildFile; fileRef = 18E5F08D1D31FCFA008B8001 /* UIView+WebCacheOperation.m */; };
		18E5F09D1D31FD49008B8001 /* ImageIO.framework in Frameworks */ = {isa = PBXBuildFile; fileRef = 18E5F09C1D31FD49008B8001 /* ImageIO.framework */; };
		18E5F0A61D322A5A008B8001 /* DetailViewController.swift in Sources */ = {isa = PBXBuildFile; fileRef = 18E5F0A51D322A5A008B8001 /* DetailViewController.swift */; };
		D5BE72515335FE4EE04ECA9D /* Pods_SwiftNetDemo.framework in Frameworks */ = {isa = PBXBuildFile; fileRef = 4DBEA1C77007C8201B9F36AD /* Pods_SwiftNetDemo.framework */; };
		E1DA9DB21D313E30008E9AB4 /* AppDelegate.swift in Sources */ = {isa = PBXBuildFile; fileRef = E1DA9DB11D313E30008E9AB4 /* AppDelegate.swift */; };
		E1DA9DB41D313E30008E9AB4 /* ViewController.swift in Sources */ = {isa = PBXBuildFile; fileRef = E1DA9DB31D313E30008E9AB4 /* ViewController.swift */; };
		E1DA9DB91D313E30008E9AB4 /* Assets.xcassets in Resources */ = {isa = PBXBuildFile; fileRef = E1DA9DB81D313E30008E9AB4 /* Assets.xcassets */; };
		E1DA9DBC1D313E30008E9AB4 /* LaunchScreen.storyboard in Resources */ = {isa = PBXBuildFile; fileRef = E1DA9DBA1D313E30008E9AB4 /* LaunchScreen.storyboard */; };
		E1DA9DC51D313F8F008E9AB4 /* Main.storyboard in Resources */ = {isa = PBXBuildFile; fileRef = E1DA9DC31D313F8F008E9AB4 /* Main.storyboard */; };
		E1DA9DC91D31404B008E9AB4 /* LimitViewController.swift in Sources */ = {isa = PBXBuildFile; fileRef = E1DA9DC81D31404B008E9AB4 /* LimitViewController.swift */; };
		E1DA9DCB1D314059008E9AB4 /* ReduceViewController.swift in Sources */ = {isa = PBXBuildFile; fileRef = E1DA9DCA1D314059008E9AB4 /* ReduceViewController.swift */; };
		E1DA9DCE1D314378008E9AB4 /* tabbar_appfree.png in Resources */ = {isa = PBXBuildFile; fileRef = E1DA9DCC1D314378008E9AB4 /* tabbar_appfree.png */; };
		E1DA9DCF1D314378008E9AB4 /* tabbar_appfree@2x.png in Resources */ = {isa = PBXBuildFile; fileRef = E1DA9DCD1D314378008E9AB4 /* tabbar_appfree@2x.png */; };
		E1DA9DD21D314386008E9AB4 /* tabbar_limitfree_press.png in Resources */ = {isa = PBXBuildFile; fileRef = E1DA9DD01D314386008E9AB4 /* tabbar_limitfree_press.png */; };
		E1DA9DD31D314386008E9AB4 /* tabbar_limitfree_press@2x.png in Resources */ = {isa = PBXBuildFile; fileRef = E1DA9DD11D314386008E9AB4 /* tabbar_limitfree_press@2x.png */; };
		E1DA9DD61D314399008E9AB4 /* tabbar_appfree_press.png in Resources */ = {isa = PBXBuildFile; fileRef = E1DA9DD41D314399008E9AB4 /* tabbar_appfree_press.png */; };
		E1DA9DD71D314399008E9AB4 /* tabbar_appfree_press@2x.png in Resources */ = {isa = PBXBuildFile; fileRef = E1DA9DD51D314399008E9AB4 /* tabbar_appfree_press@2x.png */; };
		E1DA9DDA1D3143B8008E9AB4 /* tabbar_limitfree.png in Resources */ = {isa = PBXBuildFile; fileRef = E1DA9DD81D3143B8008E9AB4 /* tabbar_limitfree.png */; };
		E1DA9DDB1D3143B8008E9AB4 /* tabbar_limitfree@2x.png in Resources */ = {isa = PBXBuildFile; fileRef = E1DA9DD91D3143B8008E9AB4 /* tabbar_limitfree@2x.png */; };
		E1DA9DDE1D3143C4008E9AB4 /* tabbar_reduceprice_press.png in Resources */ = {isa = PBXBuildFile; fileRef = E1DA9DDC1D3143C4008E9AB4 /* tabbar_reduceprice_press.png */; };
		E1DA9DDF1D3143C4008E9AB4 /* tabbar_reduceprice_press@2x.png in Resources */ = {isa = PBXBuildFile; fileRef = E1DA9DDD1D3143C4008E9AB4 /* tabbar_reduceprice_press@2x.png */; };
		E1DA9DE21D3143D0008E9AB4 /* tabbar_reduceprice.png in Resources */ = {isa = PBXBuildFile; fileRef = E1DA9DE01D3143D0008E9AB4 /* tabbar_reduceprice.png */; };
		E1DA9DE31D3143D0008E9AB4 /* tabbar_reduceprice@2x.png in Resources */ = {isa = PBXBuildFile; fileRef = E1DA9DE11D3143D0008E9AB4 /* tabbar_reduceprice@2x.png */; };
/* End PBXBuildFile section */

/* Begin PBXFileReference section */
		1810607E1D348ADD00A2E31B /* SnapKit.framework */ = {isa = PBXFileReference; lastKnownFileType = wrapper.framework; name = SnapKit.framework; path = SwiftNetDemo/SnapKit.framework; sourceTree = "<group>"; };
		1819732A1D34B1E800B38BB0 /* LICENSE */ = {isa = PBXFileReference; fileEncoding = 4; lastKnownFileType = text; path = LICENSE; sourceTree = "<group>"; };
		1819732B1D34B1E800B38BB0 /* README.md */ = {isa = PBXFileReference; fileEncoding = 4; lastKnownFileType = net.daringfireball.markdown; path = README.md; sourceTree = "<group>"; };
		1819732D1D34B1E800B38BB0 /* Constraint.swift */ = {isa = PBXFileReference; fileEncoding = 4; lastKnownFileType = sourcecode.swift; path = Constraint.swift; sourceTree = "<group>"; };
		1819732E1D34B1E800B38BB0 /* ConstraintAttributes.swift */ = {isa = PBXFileReference; fileEncoding = 4; lastKnownFileType = sourcecode.swift; path = ConstraintAttributes.swift; sourceTree = "<group>"; };
		1819732F1D34B1E800B38BB0 /* ConstraintDescription.swift */ = {isa = PBXFileReference; fileEncoding = 4; lastKnownFileType = sourcecode.swift; path = ConstraintDescription.swift; sourceTree = "<group>"; };
		181973301D34B1E800B38BB0 /* ConstraintItem.swift */ = {isa = PBXFileReference; fileEncoding = 4; lastKnownFileType = sourcecode.swift; path = ConstraintItem.swift; sourceTree = "<group>"; };
		181973311D34B1E800B38BB0 /* ConstraintMaker.swift */ = {isa = PBXFileReference; fileEncoding = 4; lastKnownFileType = sourcecode.swift; path = ConstraintMaker.swift; sourceTree = "<group>"; };
		181973321D34B1E800B38BB0 /* ConstraintRelation.swift */ = {isa = PBXFileReference; fileEncoding = 4; lastKnownFileType = sourcecode.swift; path = ConstraintRelation.swift; sourceTree = "<group>"; };
		181973331D34B1E800B38BB0 /* Debugging.swift */ = {isa = PBXFileReference; fileEncoding = 4; lastKnownFileType = sourcecode.swift; path = Debugging.swift; sourceTree = "<group>"; };
		181973341D34B1E800B38BB0 /* EdgeInsets.swift */ = {isa = PBXFileReference; fileEncoding = 4; lastKnownFileType = sourcecode.swift; path = EdgeInsets.swift; sourceTree = "<group>"; };
		181973351D34B1E800B38BB0 /* LayoutConstraint.swift */ = {isa = PBXFileReference; fileEncoding = 4; lastKnownFileType = sourcecode.swift; path = LayoutConstraint.swift; sourceTree = "<group>"; };
		181973361D34B1E800B38BB0 /* SnapKit.swift */ = {isa = PBXFileReference; fileEncoding = 4; lastKnownFileType = sourcecode.swift; path = SnapKit.swift; sourceTree = "<group>"; };
		181973371D34B1E800B38BB0 /* View+SnapKit.swift */ = {isa = PBXFileReference; fileEncoding = 4; lastKnownFileType = sourcecode.swift; path = "View+SnapKit.swift"; sourceTree = "<group>"; };
		181973381D34B1E800B38BB0 /* ViewController+SnapKit.swift */ = {isa = PBXFileReference; fileEncoding = 4; lastKnownFileType = sourcecode.swift; path = "ViewController+SnapKit.swift"; sourceTree = "<group>"; };
		18E5F0621D31FC1E008B8001 /* MyTableViewCell.swift */ = {isa = PBXFileReference; fileEncoding = 4; lastKnownFileType = sourcecode.swift; path = MyTableViewCell.swift; sourceTree = "<group>"; };
		18E5F0631D31FC1E008B8001 /* MyTableViewCell.xib */ = {isa = PBXFileReference; fileEncoding = 4; lastKnownFileType = file.xib; path = MyTableViewCell.xib; sourceTree = "<group>"; };
		18E5F0661D31FC35008B8001 /* AppModel.swift */ = {isa = PBXFileReference; fileEncoding = 4; lastKnownFileType = sourcecode.swift; path = AppModel.swift; sourceTree = "<group>"; };
		18E5F0681D31FC42008B8001 /* MainService.swift */ = {isa = PBXFileReference; fileEncoding = 4; lastKnownFileType = sourcecode.swift; path = MainService.swift; sourceTree = "<group>"; };
		18E5F06A1D31FC7E008B8001 /* FreeViewController.swift */ = {isa = PBXFileReference; fileEncoding = 4; lastKnownFileType = sourcecode.swift; path = FreeViewController.swift; sourceTree = "<group>"; };
		18E5F06C1D31FCDF008B8001 /* SwiftNetDemo-Bridging-Header.h */ = {isa = PBXFileReference; lastKnownFileType = sourcecode.c.h; path = "SwiftNetDemo-Bridging-Header.h"; sourceTree = "<group>"; };
		18E5F0711D31FCFA008B8001 /* NSData+ImageContentType.h */ = {isa = PBXFileReference; fileEncoding = 4; lastKnownFileType = sourcecode.c.h; path = "NSData+ImageContentType.h"; sourceTree = "<group>"; };
		18E5F0721D31FCFA008B8001 /* NSData+ImageContentType.m */ = {isa = PBXFileReference; fileEncoding = 4; lastKnownFileType = sourcecode.c.objc; path = "NSData+ImageContentType.m"; sourceTree = "<group>"; };
		18E5F0731D31FCFA008B8001 /* SDImageCache.h */ = {isa = PBXFileReference; fileEncoding = 4; lastKnownFileType = sourcecode.c.h; path = SDImageCache.h; sourceTree = "<group>"; };
		18E5F0741D31FCFA008B8001 /* SDImageCache.m */ = {isa = PBXFileReference; fileEncoding = 4; lastKnownFileType = sourcecode.c.objc; path = SDImageCache.m; sourceTree = "<group>"; };
		18E5F0751D31FCFA008B8001 /* SDWebImageCompat.h */ = {isa = PBXFileReference; fileEncoding = 4; lastKnownFileType = sourcecode.c.h; path = SDWebImageCompat.h; sourceTree = "<group>"; };
		18E5F0761D31FCFA008B8001 /* SDWebImageCompat.m */ = {isa = PBXFileReference; fileEncoding = 4; lastKnownFileType = sourcecode.c.objc; path = SDWebImageCompat.m; sourceTree = "<group>"; };
		18E5F0771D31FCFA008B8001 /* SDWebImageDecoder.h */ = {isa = PBXFileReference; fileEncoding = 4; lastKnownFileType = sourcecode.c.h; path = SDWebImageDecoder.h; sourceTree = "<group>"; };
		18E5F0781D31FCFA008B8001 /* SDWebImageDecoder.m */ = {isa = PBXFileReference; fileEncoding = 4; lastKnownFileType = sourcecode.c.objc; path = SDWebImageDecoder.m; sourceTree = "<group>"; };
		18E5F0791D31FCFA008B8001 /* SDWebImageDownloader.h */ = {isa = PBXFileReference; fileEncoding = 4; lastKnownFileType = sourcecode.c.h; path = SDWebImageDownloader.h; sourceTree = "<group>"; };
		18E5F07A1D31FCFA008B8001 /* SDWebImageDownloader.m */ = {isa = PBXFileReference; fileEncoding = 4; lastKnownFileType = sourcecode.c.objc; path = SDWebImageDownloader.m; sourceTree = "<group>"; };
		18E5F07B1D31FCFA008B8001 /* SDWebImageDownloaderOperation.h */ = {isa = PBXFileReference; fileEncoding = 4; lastKnownFileType = sourcecode.c.h; path = SDWebImageDownloaderOperation.h; sourceTree = "<group>"; };
		18E5F07C1D31FCFA008B8001 /* SDWebImageDownloaderOperation.m */ = {isa = PBXFileReference; fileEncoding = 4; lastKnownFileType = sourcecode.c.objc; path = SDWebImageDownloaderOperation.m; sourceTree = "<group>"; };
		18E5F07D1D31FCFA008B8001 /* SDWebImageManager.h */ = {isa = PBXFileReference; fileEncoding = 4; lastKnownFileType = sourcecode.c.h; path = SDWebImageManager.h; sourceTree = "<group>"; };
		18E5F07E1D31FCFA008B8001 /* SDWebImageManager.m */ = {isa = PBXFileReference; fileEncoding = 4; lastKnownFileType = sourcecode.c.objc; path = SDWebImageManager.m; sourceTree = "<group>"; };
		18E5F07F1D31FCFA008B8001 /* SDWebImageOperation.h */ = {isa = PBXFileReference; fileEncoding = 4; lastKnownFileType = sourcecode.c.h; path = SDWebImageOperation.h; sourceTree = "<group>"; };
		18E5F0801D31FCFA008B8001 /* SDWebImagePrefetcher.h */ = {isa = PBXFileReference; fileEncoding = 4; lastKnownFileType = sourcecode.c.h; path = SDWebImagePrefetcher.h; sourceTree = "<group>"; };
		18E5F0811D31FCFA008B8001 /* SDWebImagePrefetcher.m */ = {isa = PBXFileReference; fileEncoding = 4; lastKnownFileType = sourcecode.c.objc; path = SDWebImagePrefetcher.m; sourceTree = "<group>"; };
		18E5F0821D31FCFA008B8001 /* UIButton+WebCache.h */ = {isa = PBXFileReference; fileEncoding = 4; lastKnownFileType = sourcecode.c.h; path = "UIButton+WebCache.h"; sourceTree = "<group>"; };
		18E5F0831D31FCFA008B8001 /* UIButton+WebCache.m */ = {isa = PBXFileReference; fileEncoding = 4; lastKnownFileType = sourcecode.c.objc; path = "UIButton+WebCache.m"; sourceTree = "<group>"; };
		18E5F0841D31FCFA008B8001 /* UIImage+GIF.h */ = {isa = PBXFileReference; fileEncoding = 4; lastKnownFileType = sourcecode.c.h; path = "UIImage+GIF.h"; sourceTree = "<group>"; };
		18E5F0851D31FCFA008B8001 /* UIImage+GIF.m */ = {isa = PBXFileReference; fileEncoding = 4; lastKnownFileType = sourcecode.c.objc; path = "UIImage+GIF.m"; sourceTree = "<group>"; };
		18E5F0861D31FCFA008B8001 /* UIImage+MultiFormat.h */ = {isa = PBXFileReference; fileEncoding = 4; lastKnownFileType = sourcecode.c.h; path = "UIImage+MultiFormat.h"; sourceTree = "<group>"; };
		18E5F0871D31FCFA008B8001 /* UIImage+MultiFormat.m */ = {isa = PBXFileReference; fileEncoding = 4; lastKnownFileType = sourcecode.c.objc; path = "UIImage+MultiFormat.m"; sourceTree = "<group>"; };
		18E5F0881D31FCFA008B8001 /* UIImageView+HighlightedWebCache.h */ = {isa = PBXFileReference; fileEncoding = 4; lastKnownFileType = sourcecode.c.h; path = "UIImageView+HighlightedWebCache.h"; sourceTree = "<group>"; };
		18E5F0891D31FCFA008B8001 /* UIImageView+HighlightedWebCache.m */ = {isa = PBXFileReference; fileEncoding = 4; lastKnownFileType = sourcecode.c.objc; path = "UIImageView+HighlightedWebCache.m"; sourceTree = "<group>"; };
		18E5F08A1D31FCFA008B8001 /* UIImageView+WebCache.h */ = {isa = PBXFileReference; fileEncoding = 4; lastKnownFileType = sourcecode.c.h; path = "UIImageView+WebCache.h"; sourceTree = "<group>"; };
		18E5F08B1D31FCFA008B8001 /* UIImageView+WebCache.m */ = {isa = PBXFileReference; fileEncoding = 4; lastKnownFileType = sourcecode.c.objc; path = "UIImageView+WebCache.m"; sourceTree = "<group>"; };
		18E5F08C1D31FCFA008B8001 /* UIView+WebCacheOperation.h */ = {isa = PBXFileReference; fileEncoding = 4; lastKnownFileType = sourcecode.c.h; path = "UIView+WebCacheOperation.h"; sourceTree = "<group>"; };
		18E5F08D1D31FCFA008B8001 /* UIView+WebCacheOperation.m */ = {isa = PBXFileReference; fileEncoding = 4; lastKnownFileType = sourcecode.c.objc; path = "UIView+WebCacheOperation.m"; sourceTree = "<group>"; };
		18E5F09C1D31FD49008B8001 /* ImageIO.framework */ = {isa = PBXFileReference; lastKnownFileType = wrapper.framework; name = ImageIO.framework; path = System/Library/Frameworks/ImageIO.framework; sourceTree = SDKROOT; };
		18E5F0A51D322A5A008B8001 /* DetailViewController.swift */ = {isa = PBXFileReference; fileEncoding = 4; lastKnownFileType = sourcecode.swift; path = DetailViewController.swift; sourceTree = "<group>"; };
		4DBEA1C77007C8201B9F36AD /* Pods_SwiftNetDemo.framework */ = {isa = PBXFileReference; explicitFileType = wrapper.framework; includeInIndex = 0; path = Pods_SwiftNetDemo.framework; sourceTree = BUILT_PRODUCTS_DIR; };
		A849BC4286ED920626795D41 /* Pods-SwiftNetDemo.release.xcconfig */ = {isa = PBXFileReference; includeInIndex = 1; lastKnownFileType = text.xcconfig; name = "Pods-SwiftNetDemo.release.xcconfig"; path = "Pods/Target Support Files/Pods-SwiftNetDemo/Pods-SwiftNetDemo.release.xcconfig"; sourceTree = "<group>"; };
		E1DA9DAE1D313E30008E9AB4 /* SwiftNetDemo.app */ = {isa = PBXFileReference; explicitFileType = wrapper.application; includeInIndex = 0; path = SwiftNetDemo.app; sourceTree = BUILT_PRODUCTS_DIR; };
		E1DA9DB11D313E30008E9AB4 /* AppDelegate.swift */ = {isa = PBXFileReference; lastKnownFileType = sourcecode.swift; path = AppDelegate.swift; sourceTree = "<group>"; };
		E1DA9DB31D313E30008E9AB4 /* ViewController.swift */ = {isa = PBXFileReference; lastKnownFileType = sourcecode.swift; path = ViewController.swift; sourceTree = "<group>"; };
		E1DA9DB81D313E30008E9AB4 /* Assets.xcassets */ = {isa = PBXFileReference; lastKnownFileType = folder.assetcatalog; path = Assets.xcassets; sourceTree = "<group>"; };
		E1DA9DBB1D313E30008E9AB4 /* Base */ = {isa = PBXFileReference; lastKnownFileType = file.storyboard; name = Base; path = Base.lproj/LaunchScreen.storyboard; sourceTree = "<group>"; };
		E1DA9DBD1D313E30008E9AB4 /* Info.plist */ = {isa = PBXFileReference; lastKnownFileType = text.plist.xml; path = Info.plist; sourceTree = "<group>"; };
		E1DA9DC41D313F8F008E9AB4 /* Base */ = {isa = PBXFileReference; lastKnownFileType = file.storyboard; name = Base; path = SwiftNetDemo/Base.lproj/Main.storyboard; sourceTree = "<group>"; };
		E1DA9DC81D31404B008E9AB4 /* LimitViewController.swift */ = {isa = PBXFileReference; fileEncoding = 4; lastKnownFileType = sourcecode.swift; path = LimitViewController.swift; sourceTree = "<group>"; };
		E1DA9DCA1D314059008E9AB4 /* ReduceViewController.swift */ = {isa = PBXFileReference; fileEncoding = 4; lastKnownFileType = sourcecode.swift; path = ReduceViewController.swift; sourceTree = "<group>"; };
		E1DA9DCC1D314378008E9AB4 /* tabbar_appfree.png */ = {isa = PBXFileReference; lastKnownFileType = image.png; path = tabbar_appfree.png; sourceTree = "<group>"; };
		E1DA9DCD1D314378008E9AB4 /* tabbar_appfree@2x.png */ = {isa = PBXFileReference; lastKnownFileType = image.png; path = "tabbar_appfree@2x.png"; sourceTree = "<group>"; };
		E1DA9DD01D314386008E9AB4 /* tabbar_limitfree_press.png */ = {isa = PBXFileReference; lastKnownFileType = image.png; path = tabbar_limitfree_press.png; sourceTree = "<group>"; };
		E1DA9DD11D314386008E9AB4 /* tabbar_limitfree_press@2x.png */ = {isa = PBXFileReference; lastKnownFileType = image.png; path = "tabbar_limitfree_press@2x.png"; sourceTree = "<group>"; };
		E1DA9DD41D314399008E9AB4 /* tabbar_appfree_press.png */ = {isa = PBXFileReference; lastKnownFileType = image.png; path = tabbar_appfree_press.png; sourceTree = "<group>"; };
		E1DA9DD51D314399008E9AB4 /* tabbar_appfree_press@2x.png */ = {isa = PBXFileReference; lastKnownFileType = image.png; path = "tabbar_appfree_press@2x.png"; sourceTree = "<group>"; };
		E1DA9DD81D3143B8008E9AB4 /* tabbar_limitfree.png */ = {isa = PBXFileReference; lastKnownFileType = image.png; path = tabbar_limitfree.png; sourceTree = "<group>"; };
		E1DA9DD91D3143B8008E9AB4 /* tabbar_limitfree@2x.png */ = {isa = PBXFileReference; lastKnownFileType = image.png; path = "tabbar_limitfree@2x.png"; sourceTree = "<group>"; };
		E1DA9DDC1D3143C4008E9AB4 /* tabbar_reduceprice_press.png */ = {isa = PBXFileReference; lastKnownFileType = image.png; path = tabbar_reduceprice_press.png; sourceTree = "<group>"; };
		E1DA9DDD1D3143C4008E9AB4 /* tabbar_reduceprice_press@2x.png */ = {isa = PBXFileReference; lastKnownFileType = image.png; path = "tabbar_reduceprice_press@2x.png"; sourceTree = "<group>"; };
		E1DA9DE01D3143D0008E9AB4 /* tabbar_reduceprice.png */ = {isa = PBXFileReference; lastKnownFileType = image.png; path = tabbar_reduceprice.png; sourceTree = "<group>"; };
		E1DA9DE11D3143D0008E9AB4 /* tabbar_reduceprice@2x.png */ = {isa = PBXFileReference; lastKnownFileType = image.png; path = "tabbar_reduceprice@2x.png"; sourceTree = "<group>"; };
		FE501B22AF7C23985C658D10 /* Pods-SwiftNetDemo.debug.xcconfig */ = {isa = PBXFileReference; includeInIndex = 1; lastKnownFileType = text.xcconfig; name = "Pods-SwiftNetDemo.debug.xcconfig"; path = "Pods/Target Support Files/Pods-SwiftNetDemo/Pods-SwiftNetDemo.debug.xcconfig"; sourceTree = "<group>"; };
/* End PBXFileReference section */

/* Begin PBXFrameworksBuildPhase section */
		E1DA9DAB1D313E30008E9AB4 /* Frameworks */ = {
			isa = PBXFrameworksBuildPhase;
			buildActionMask = 2147483647;
			files = (
				18E5F09D1D31FD49008B8001 /* ImageIO.framework in Frameworks */,
				D5BE72515335FE4EE04ECA9D /* Pods_SwiftNetDemo.framework in Frameworks */,
			);
			runOnlyForDeploymentPostprocessing = 0;
		};
/* End PBXFrameworksBuildPhase section */

/* Begin PBXGroup section */
		181973291D34B1E800B38BB0 /* SnapKit */ = {
			isa = PBXGroup;
			children = (
				1819732A1D34B1E800B38BB0 /* LICENSE */,
				1819732B1D34B1E800B38BB0 /* README.md */,
				1819732C1D34B1E800B38BB0 /* Source */,
			);
			path = SnapKit;
			sourceTree = "<group>";
		};
		1819732C1D34B1E800B38BB0 /* Source */ = {
			isa = PBXGroup;
			children = (
				1819732D1D34B1E800B38BB0 /* Constraint.swift */,
				1819732E1D34B1E800B38BB0 /* ConstraintAttributes.swift */,
				1819732F1D34B1E800B38BB0 /* ConstraintDescription.swift */,
				181973301D34B1E800B38BB0 /* ConstraintItem.swift */,
				181973311D34B1E800B38BB0 /* ConstraintMaker.swift */,
				181973321D34B1E800B38BB0 /* ConstraintRelation.swift */,
				181973331D34B1E800B38BB0 /* Debugging.swift */,
				181973341D34B1E800B38BB0 /* EdgeInsets.swift */,
				181973351D34B1E800B38BB0 /* LayoutConstraint.swift */,
				181973361D34B1E800B38BB0 /* SnapKit.swift */,
				181973371D34B1E800B38BB0 /* View+SnapKit.swift */,
				181973381D34B1E800B38BB0 /* ViewController+SnapKit.swift */,
			);
			path = Source;
			sourceTree = "<group>";
		};
		18E5F0701D31FCFA008B8001 /* SDWebImage */ = {
			isa = PBXGroup;
			children = (
				18E5F0711D31FCFA008B8001 /* NSData+ImageContentType.h */,
				18E5F0721D31FCFA008B8001 /* NSData+ImageContentType.m */,
				18E5F0731D31FCFA008B8001 /* SDImageCache.h */,
				18E5F0741D31FCFA008B8001 /* SDImageCache.m */,
				18E5F0751D31FCFA008B8001 /* SDWebImageCompat.h */,
				18E5F0761D31FCFA008B8001 /* SDWebImageCompat.m */,
				18E5F0771D31FCFA008B8001 /* SDWebImageDecoder.h */,
				18E5F0781D31FCFA008B8001 /* SDWebImageDecoder.m */,
				18E5F0791D31FCFA008B8001 /* SDWebImageDownloader.h */,
				18E5F07A1D31FCFA008B8001 /* SDWebImageDownloader.m */,
				18E5F07B1D31FCFA008B8001 /* SDWebImageDownloaderOperation.h */,
				18E5F07C1D31FCFA008B8001 /* SDWebImageDownloaderOperation.m */,
				18E5F07D1D31FCFA008B8001 /* SDWebImageManager.h */,
				18E5F07E1D31FCFA008B8001 /* SDWebImageManager.m */,
				18E5F07F1D31FCFA008B8001 /* SDWebImageOperation.h */,
				18E5F0801D31FCFA008B8001 /* SDWebImagePrefetcher.h */,
				18E5F0811D31FCFA008B8001 /* SDWebImagePrefetcher.m */,
				18E5F0821D31FCFA008B8001 /* UIButton+WebCache.h */,
				18E5F0831D31FCFA008B8001 /* UIButton+WebCache.m */,
				18E5F0841D31FCFA008B8001 /* UIImage+GIF.h */,
				18E5F0851D31FCFA008B8001 /* UIImage+GIF.m */,
				18E5F0861D31FCFA008B8001 /* UIImage+MultiFormat.h */,
				18E5F0871D31FCFA008B8001 /* UIImage+MultiFormat.m */,
				18E5F0881D31FCFA008B8001 /* UIImageView+HighlightedWebCache.h */,
				18E5F0891D31FCFA008B8001 /* UIImageView+HighlightedWebCache.m */,
				18E5F08A1D31FCFA008B8001 /* UIImageView+WebCache.h */,
				18E5F08B1D31FCFA008B8001 /* UIImageView+WebCache.m */,
				18E5F08C1D31FCFA008B8001 /* UIView+WebCacheOperation.h */,
				18E5F08D1D31FCFA008B8001 /* UIView+WebCacheOperation.m */,
			);
			path = SDWebImage;
			sourceTree = "<group>";
		};
		18E5F09F1D3205B7008B8001 /* ViewController */ = {
			isa = PBXGroup;
			children = (
				18E5F0A41D322A34008B8001 /* DetailViewController */,
				E1DA9DB31D313E30008E9AB4 /* ViewController.swift */,
				18E5F06A1D31FC7E008B8001 /* FreeViewController.swift */,
				E1DA9DC81D31404B008E9AB4 /* LimitViewController.swift */,
				E1DA9DCA1D314059008E9AB4 /* ReduceViewController.swift */,
			);
			name = ViewController;
			sourceTree = "<group>";
		};
		18E5F0A01D32066D008B8001 /* View */ = {
			isa = PBXGroup;
			children = (
				18E5F0621D31FC1E008B8001 /* MyTableViewCell.swift */,
				18E5F0631D31FC1E008B8001 /* MyTableViewCell.xib */,
			);
			name = View;
			sourceTree = "<group>";
		};
		18E5F0A11D32067E008B8001 /* Common */ = {
			isa = PBXGroup;
			children = (
				18E5F0701D31FCFA008B8001 /* SDWebImage */,
			);
			name = Common;
			sourceTree = "<group>";
		};
		18E5F0A21D320692008B8001 /* Resource */ = {
			isa = PBXGroup;
			children = (
				E1DA9DCC1D314378008E9AB4 /* tabbar_appfree.png */,
				E1DA9DD01D314386008E9AB4 /* tabbar_limitfree_press.png */,
				E1DA9DD41D314399008E9AB4 /* tabbar_appfree_press.png */,
				E1DA9DD51D314399008E9AB4 /* tabbar_appfree_press@2x.png */,
				E1DA9DD81D3143B8008E9AB4 /* tabbar_limitfree.png */,
				E1DA9DD91D3143B8008E9AB4 /* tabbar_limitfree@2x.png */,
				E1DA9DD11D314386008E9AB4 /* tabbar_limitfree_press@2x.png */,
				E1DA9DDC1D3143C4008E9AB4 /* tabbar_reduceprice_press.png */,
				E1DA9DDD1D3143C4008E9AB4 /* tabbar_reduceprice_press@2x.png */,
				E1DA9DE01D3143D0008E9AB4 /* tabbar_reduceprice.png */,
				E1DA9DE11D3143D0008E9AB4 /* tabbar_reduceprice@2x.png */,
				E1DA9DCD1D314378008E9AB4 /* tabbar_appfree@2x.png */,
			);
			name = Resource;
			sourceTree = "<group>";
		};
		18E5F0A31D3206A8008B8001 /* Service */ = {
			isa = PBXGroup;
			children = (
				18E5F0681D31FC42008B8001 /* MainService.swift */,
			);
			name = Service;
			sourceTree = "<group>";
		};
		18E5F0A41D322A34008B8001 /* DetailViewController */ = {
			isa = PBXGroup;
			children = (
				18E5F0A51D322A5A008B8001 /* DetailViewController.swift */,
			);
			name = DetailViewController;
			sourceTree = "<group>";
		};
		51A7FC8426EFB2E48095B703 /* Pods */ = {
			isa = PBXGroup;
			children = (
				FE501B22AF7C23985C658D10 /* Pods-SwiftNetDemo.debug.xcconfig */,
				A849BC4286ED920626795D41 /* Pods-SwiftNetDemo.release.xcconfig */,
			);
			name = Pods;
			sourceTree = "<group>";
		};
		C74D43641A3029DF1CC154EB /* Frameworks */ = {
			isa = PBXGroup;
			children = (
				4DBEA1C77007C8201B9F36AD /* Pods_SwiftNetDemo.framework */,
			);
			name = Frameworks;
			sourceTree = "<group>";
		};
		E1DA9DA51D313E30008E9AB4 = {
			isa = PBXGroup;
			children = (
				E1DA9DB01D313E30008E9AB4 /* SwiftNetDemo */,
				18E5F09C1D31FD49008B8001 /* ImageIO.framework */,
				1810607E1D348ADD00A2E31B /* SnapKit.framework */,
				E1DA9DAF1D313E30008E9AB4 /* Products */,
				51A7FC8426EFB2E48095B703 /* Pods */,
				C74D43641A3029DF1CC154EB /* Frameworks */,
			);
			sourceTree = "<group>";
		};
		E1DA9DAF1D313E30008E9AB4 /* Products */ = {
			isa = PBXGroup;
			children = (
				E1DA9DAE1D313E30008E9AB4 /* SwiftNetDemo.app */,
			);
			name = Products;
			sourceTree = "<group>";
		};
		E1DA9DB01D313E30008E9AB4 /* SwiftNetDemo */ = {
			isa = PBXGroup;
			children = (
				181973291D34B1E800B38BB0 /* SnapKit */,
				18E5F0A31D3206A8008B8001 /* Service */,
				18E5F0A21D320692008B8001 /* Resource */,
				18E5F0A11D32067E008B8001 /* Common */,
				18E5F0A01D32066D008B8001 /* View */,
				18E5F09F1D3205B7008B8001 /* ViewController */,
				E1DA9DB11D313E30008E9AB4 /* AppDelegate.swift */,
				E1DA9DC31D313F8F008E9AB4 /* Main.storyboard */,
				E1DA9DB81D313E30008E9AB4 /* Assets.xcassets */,
				E1DA9DBA1D313E30008E9AB4 /* LaunchScreen.storyboard */,
				E1DA9DBD1D313E30008E9AB4 /* Info.plist */,
				18E5F0661D31FC35008B8001 /* AppModel.swift */,
				18E5F06C1D31FCDF008B8001 /* SwiftNetDemo-Bridging-Header.h */,
			);
			path = SwiftNetDemo;
			sourceTree = "<group>";
		};
/* End PBXGroup section */

/* Begin PBXNativeTarget section */
		E1DA9DAD1D313E30008E9AB4 /* SwiftNetDemo */ = {
			isa = PBXNativeTarget;
			buildConfigurationList = E1DA9DC01D313E30008E9AB4 /* Build configuration list for PBXNativeTarget "SwiftNetDemo" */;
			buildPhases = (
				77A32B8E13BAA306F558A8E8 /* Check Pods Manifest.lock */,
				E1DA9DAA1D313E30008E9AB4 /* Sources */,
				E1DA9DAB1D313E30008E9AB4 /* Frameworks */,
				E1DA9DAC1D313E30008E9AB4 /* Resources */,
				3647F5F1D470BE71C9D9CBE4 /* Embed Pods Frameworks */,
				89279632AE14256D35653369 /* Copy Pods Resources */,
			);
			buildRules = (
			);
			dependencies = (
			);
			name = SwiftNetDemo;
			productName = SwiftNetDemo;
			productReference = E1DA9DAE1D313E30008E9AB4 /* SwiftNetDemo.app */;
			productType = "com.apple.product-type.application";
		};
/* End PBXNativeTarget section */

/* Begin PBXProject section */
		E1DA9DA61D313E30008E9AB4 /* Project object */ = {
			isa = PBXProject;
			attributes = {
				LastSwiftUpdateCheck = 0730;
				LastUpgradeCheck = 0730;
				ORGANIZATIONNAME = yuxiao;
				TargetAttributes = {
					E1DA9DAD1D313E30008E9AB4 = {
						CreatedOnToolsVersion = 7.3;
					};
				};
			};
			buildConfigurationList = E1DA9DA91D313E30008E9AB4 /* Build configuration list for PBXProject "SwiftNetDemo" */;
			compatibilityVersion = "Xcode 3.2";
			developmentRegion = English;
			hasScannedForEncodings = 0;
			knownRegions = (
				en,
				Base,
			);
			mainGroup = E1DA9DA51D313E30008E9AB4;
			productRefGroup = E1DA9DAF1D313E30008E9AB4 /* Products */;
			projectDirPath = "";
			projectRoot = "";
			targets = (
				E1DA9DAD1D313E30008E9AB4 /* SwiftNetDemo */,
			);
		};
/* End PBXProject section */

/* Begin PBXResourcesBuildPhase section */
		E1DA9DAC1D313E30008E9AB4 /* Resources */ = {
			isa = PBXResourcesBuildPhase;
			buildActionMask = 2147483647;
			files = (
				E1DA9DC51D313F8F008E9AB4 /* Main.storyboard in Resources */,
				E1DA9DBC1D313E30008E9AB4 /* LaunchScreen.storyboard in Resources */,
				E1DA9DE31D3143D0008E9AB4 /* tabbar_reduceprice@2x.png in Resources */,
				E1DA9DCF1D314378008E9AB4 /* tabbar_appfree@2x.png in Resources */,
				E1DA9DDA1D3143B8008E9AB4 /* tabbar_limitfree.png in Resources */,
				E1DA9DD71D314399008E9AB4 /* tabbar_appfree_press@2x.png in Resources */,
				E1DA9DE21D3143D0008E9AB4 /* tabbar_reduceprice.png in Resources */,
				E1DA9DDE1D3143C4008E9AB4 /* tabbar_reduceprice_press.png in Resources */,
				181973391D34B1E800B38BB0 /* LICENSE in Resources */,
				E1DA9DD21D314386008E9AB4 /* tabbar_limitfree_press.png in Resources */,
				E1DA9DDF1D3143C4008E9AB4 /* tabbar_reduceprice_press@2x.png in Resources */,
				E1DA9DD31D314386008E9AB4 /* tabbar_limitfree_press@2x.png in Resources */,
				E1DA9DD61D314399008E9AB4 /* tabbar_appfree_press.png in Resources */,
				E1DA9DB91D313E30008E9AB4 /* Assets.xcassets in Resources */,
				18E5F0651D31FC1E008B8001 /* MyTableViewCell.xib in Resources */,
				E1DA9DDB1D3143B8008E9AB4 /* tabbar_limitfree@2x.png in Resources */,
				E1DA9DCE1D314378008E9AB4 /* tabbar_appfree.png in Resources */,
			);
			runOnlyForDeploymentPostprocessing = 0;
		};
/* End PBXResourcesBuildPhase section */

/* Begin PBXShellScriptBuildPhase section */
		3647F5F1D470BE71C9D9CBE4 /* Embed Pods Frameworks */ = {
			isa = PBXShellScriptBuildPhase;
			buildActionMask = 2147483647;
			files = (
			);
			inputPaths = (
			);
			name = "Embed Pods Frameworks";
			outputPaths = (
			);
			runOnlyForDeploymentPostprocessing = 0;
			shellPath = /bin/sh;
			shellScript = "\"${SRCROOT}/Pods/Target Support Files/Pods-SwiftNetDemo/Pods-SwiftNetDemo-frameworks.sh\"\n";
			showEnvVarsInLog = 0;
		};
		77A32B8E13BAA306F558A8E8 /* Check Pods Manifest.lock */ = {
			isa = PBXShellScriptBuildPhase;
			buildActionMask = 2147483647;
			files = (
			);
			inputPaths = (
			);
			name = "Check Pods Manifest.lock";
			outputPaths = (
			);
			runOnlyForDeploymentPostprocessing = 0;
			shellPath = /bin/sh;
			shellScript = "diff \"${PODS_ROOT}/../Podfile.lock\" \"${PODS_ROOT}/Manifest.lock\" > /dev/null\nif [[ $? != 0 ]] ; then\n    cat << EOM\nerror: The sandbox is not in sync with the Podfile.lock. Run 'pod install' or update your CocoaPods installation.\nEOM\n    exit 1\nfi\n";
			showEnvVarsInLog = 0;
		};
		89279632AE14256D35653369 /* Copy Pods Resources */ = {
			isa = PBXShellScriptBuildPhase;
			buildActionMask = 2147483647;
			files = (
			);
			inputPaths = (
			);
			name = "Copy Pods Resources";
			outputPaths = (
			);
			runOnlyForDeploymentPostprocessing = 0;
			shellPath = /bin/sh;
			shellScript = "\"${SRCROOT}/Pods/Target Support Files/Pods-SwiftNetDemo/Pods-SwiftNetDemo-resources.sh\"\n";
			showEnvVarsInLog = 0;
		};
/* End PBXShellScriptBuildPhase section */

/* Begin PBXSourcesBuildPhase section */
		E1DA9DAA1D313E30008E9AB4 /* Sources */ = {
			isa = PBXSourcesBuildPhase;
			buildActionMask = 2147483647;
			files = (
				18E5F0971D31FCFA008B8001 /* UIImage+GIF.m in Sources */,
				18E5F0901D31FCFA008B8001 /* SDWebImageCompat.m in Sources */,
				1819733F1D34B1E800B38BB0 /* ConstraintMaker.swift in Sources */,
				18E5F0A61D322A5A008B8001 /* DetailViewController.swift in Sources */,
				18E5F0961D31FCFA008B8001 /* UIButton+WebCache.m in Sources */,
				18E5F0981D31FCFA008B8001 /* UIImage+MultiFormat.m in Sources */,
				18E5F09B1D31FCFA008B8001 /* UIView+WebCacheOperation.m in Sources */,
				1819733A1D34B1E800B38BB0 /* README.md in Sources */,
				1819733E1D34B1E800B38BB0 /* ConstraintItem.swift in Sources */,
				18E5F0951D31FCFA008B8001 /* SDWebImagePrefetcher.m in Sources */,
				18E5F0671D31FC35008B8001 /* AppModel.swift in Sources */,
				E1DA9DB41D313E30008E9AB4 /* ViewController.swift in Sources */,
				18E5F0691D31FC42008B8001 /* MainService.swift in Sources */,
				1819733C1D34B1E800B38BB0 /* ConstraintAttributes.swift in Sources */,
				18E5F0931D31FCFA008B8001 /* SDWebImageDownloaderOperation.m in Sources */,
				18E5F0911D31FCFA008B8001 /* SDWebImageDecoder.m in Sources */,
				181973401D34B1E800B38BB0 /* ConstraintRelation.swift in Sources */,
				E1DA9DB21D313E30008E9AB4 /* AppDelegate.swift in Sources */,
				181973441D34B1E800B38BB0 /* SnapKit.swift in Sources */,
				18E5F09A1D31FCFA008B8001 /* UIImageView+WebCache.m in Sources */,
				18E5F08E1D31FCFA008B8001 /* NSData+ImageContentType.m in Sources */,
				1819733D1D34B1E800B38BB0 /* ConstraintDescription.swift in Sources */,
				18E5F0921D31FCFA008B8001 /* SDWebImageDownloader.m in Sources */,
				181973421D34B1E800B38BB0 /* EdgeInsets.swift in Sources */,
				181973431D34B1E800B38BB0 /* LayoutConstraint.swift in Sources */,
				18E5F06B1D31FC7E008B8001 /* FreeViewController.swift in Sources */,
				181973451D34B1E800B38BB0 /* View+SnapKit.swift in Sources */,
				181973411D34B1E800B38BB0 /* Debugging.swift in Sources */,
				E1DA9DCB1D314059008E9AB4 /* ReduceViewController.swift in Sources */,
				E1DA9DC91D31404B008E9AB4 /* LimitViewController.swift in Sources */,
				18E5F0941D31FCFA008B8001 /* SDWebImageManager.m in Sources */,
				181973461D34B1E800B38BB0 /* ViewController+SnapKit.swift in Sources */,
				18E5F0641D31FC1E008B8001 /* MyTableViewCell.swift in Sources */,
				18E5F0991D31FCFA008B8001 /* UIImageView+HighlightedWebCache.m in Sources */,
				1819733B1D34B1E800B38BB0 /* Constraint.swift in Sources */,
				18E5F08F1D31FCFA008B8001 /* SDImageCache.m in Sources */,
			);
			runOnlyForDeploymentPostprocessing = 0;
		};
/* End PBXSourcesBuildPhase section */

/* Begin PBXVariantGroup section */
		E1DA9DBA1D313E30008E9AB4 /* LaunchScreen.storyboard */ = {
			isa = PBXVariantGroup;
			children = (
				E1DA9DBB1D313E30008E9AB4 /* Base */,
			);
			name = LaunchScreen.storyboard;
			sourceTree = "<group>";
		};
		E1DA9DC31D313F8F008E9AB4 /* Main.storyboard */ = {
			isa = PBXVariantGroup;
			children = (
				E1DA9DC41D313F8F008E9AB4 /* Base */,
			);
			name = Main.storyboard;
			path = ..;
			sourceTree = "<group>";
		};
/* End PBXVariantGroup section */

/* Begin XCBuildConfiguration section */
		E1DA9DBE1D313E30008E9AB4 /* Debug */ = {
			isa = XCBuildConfiguration;
			buildSettings = {
				ALWAYS_SEARCH_USER_PATHS = NO;
				CLANG_ANALYZER_NONNULL = YES;
				CLANG_CXX_LANGUAGE_STANDARD = "gnu++0x";
				CLANG_CXX_LIBRARY = "libc++";
				CLANG_ENABLE_MODULES = YES;
				CLANG_ENABLE_OBJC_ARC = YES;
				CLANG_WARN_BOOL_CONVERSION = YES;
				CLANG_WARN_CONSTANT_CONVERSION = YES;
				CLANG_WARN_DIRECT_OBJC_ISA_USAGE = YES_ERROR;
				CLANG_WARN_EMPTY_BODY = YES;
				CLANG_WARN_ENUM_CONVERSION = YES;
				CLANG_WARN_INT_CONVERSION = YES;
				CLANG_WARN_OBJC_ROOT_CLASS = YES_ERROR;
				CLANG_WARN_UNREACHABLE_CODE = YES;
				CLANG_WARN__DUPLICATE_METHOD_MATCH = YES;
				"CODE_SIGN_IDENTITY[sdk=iphoneos*]" = "iPhone Developer";
				COPY_PHASE_STRIP = NO;
				DEBUG_INFORMATION_FORMAT = dwarf;
				ENABLE_STRICT_OBJC_MSGSEND = YES;
				ENABLE_TESTABILITY = YES;
				GCC_C_LANGUAGE_STANDARD = gnu99;
				GCC_DYNAMIC_NO_PIC = NO;
				GCC_NO_COMMON_BLOCKS = YES;
				GCC_OPTIMIZATION_LEVEL = 0;
				GCC_PREPROCESSOR_DEFINITIONS = (
					"DEBUG=1",
					"$(inherited)",
				);
				GCC_WARN_64_TO_32_BIT_CONVERSION = YES;
				GCC_WARN_ABOUT_RETURN_TYPE = YES_ERROR;
				GCC_WARN_UNDECLARED_SELECTOR = YES;
				GCC_WARN_UNINITIALIZED_AUTOS = YES_AGGRESSIVE;
				GCC_WARN_UNUSED_FUNCTION = YES;
				GCC_WARN_UNUSED_VARIABLE = YES;
				IPHONEOS_DEPLOYMENT_TARGET = 9.3;
				MTL_ENABLE_DEBUG_INFO = YES;
				ONLY_ACTIVE_ARCH = YES;
				SDKROOT = iphoneos;
				SWIFT_OPTIMIZATION_LEVEL = "-Onone";
			};
			name = Debug;
		};
		E1DA9DBF1D313E30008E9AB4 /* Release */ = {
			isa = XCBuildConfiguration;
			buildSettings = {
				ALWAYS_SEARCH_USER_PATHS = NO;
				CLANG_ANALYZER_NONNULL = YES;
				CLANG_CXX_LANGUAGE_STANDARD = "gnu++0x";
				CLANG_CXX_LIBRARY = "libc++";
				CLANG_ENABLE_MODULES = YES;
				CLANG_ENABLE_OBJC_ARC = YES;
				CLANG_WARN_BOOL_CONVERSION = YES;
				CLANG_WARN_CONSTANT_CONVERSION = YES;
				CLANG_WARN_DIRECT_OBJC_ISA_USAGE = YES_ERROR;
				CLANG_WARN_EMPTY_BODY = YES;
				CLANG_WARN_ENUM_CONVERSION = YES;
				CLANG_WARN_INT_CONVERSION = YES;
				CLANG_WARN_OBJC_ROOT_CLASS = YES_ERROR;
				CLANG_WARN_UNREACHABLE_CODE = YES;
				CLANG_WARN__DUPLICATE_METHOD_MATCH = YES;
				"CODE_SIGN_IDENTITY[sdk=iphoneos*]" = "iPhone Developer";
				COPY_PHASE_STRIP = NO;
				DEBUG_INFORMATION_FORMAT = "dwarf-with-dsym";
				ENABLE_NS_ASSERTIONS = NO;
				ENABLE_STRICT_OBJC_MSGSEND = YES;
				GCC_C_LANGUAGE_STANDARD = gnu99;
				GCC_NO_COMMON_BLOCKS = YES;
				GCC_WARN_64_TO_32_BIT_CONVERSION = YES;
				GCC_WARN_ABOUT_RETURN_TYPE = YES_ERROR;
				GCC_WARN_UNDECLARED_SELECTOR = YES;
				GCC_WARN_UNINITIALIZED_AUTOS = YES_AGGRESSIVE;
				GCC_WARN_UNUSED_FUNCTION = YES;
				GCC_WARN_UNUSED_VARIABLE = YES;
				IPHONEOS_DEPLOYMENT_TARGET = 9.3;
				MTL_ENABLE_DEBUG_INFO = NO;
				SDKROOT = iphoneos;
				VALIDATE_PRODUCT = YES;
			};
			name = Release;
		};
		E1DA9DC11D313E30008E9AB4 /* Debug */ = {
			isa = XCBuildConfiguration;
			baseConfigurationReference = FE501B22AF7C23985C658D10 /* Pods-SwiftNetDemo.debug.xcconfig */;
			buildSettings = {
				ASSETCATALOG_COMPILER_APPICON_NAME = AppIcon;
				CLANG_ENABLE_MODULES = YES;
				FRAMEWORK_SEARCH_PATHS = (
					"$(inherited)",
					"$(PROJECT_DIR)/SwiftNetDemo",
				);
				INFOPLIST_FILE = SwiftNetDemo/Info.plist;
				LD_RUNPATH_SEARCH_PATHS = "$(inherited) @executable_path/Frameworks";
				PRODUCT_BUNDLE_IDENTIFIER = com.yuxiao.SwiftNetDemo;
				PRODUCT_NAME = "$(TARGET_NAME)";
				SWIFT_OBJC_BRIDGING_HEADER = "SwiftNetDemo/SwiftNetDemo-Bridging-Header.h";
				SWIFT_OPTIMIZATION_LEVEL = "-Onone";
			};
			name = Debug;
		};
		E1DA9DC21D313E30008E9AB4 /* Release */ = {
			isa = XCBuildConfiguration;
			baseConfigurationReference = A849BC4286ED920626795D41 /* Pods-SwiftNetDemo.release.xcconfig */;
			buildSettings = {
				ASSETCATALOG_COMPILER_APPICON_NAME = AppIcon;
				CLANG_ENABLE_MODULES = YES;
				FRAMEWORK_SEARCH_PATHS = (
					"$(inherited)",
					"$(PROJECT_DIR)/SwiftNetDemo",
				);
				INFOPLIST_FILE = SwiftNetDemo/Info.plist;
				LD_RUNPATH_SEARCH_PATHS = "$(inherited) @executable_path/Frameworks";
				PRODUCT_BUNDLE_IDENTIFIER = com.yuxiao.SwiftNetDemo;
				PRODUCT_NAME = "$(TARGET_NAME)";
				SWIFT_OBJC_BRIDGING_HEADER = "SwiftNetDemo/SwiftNetDemo-Bridging-Header.h";
			};
			name = Release;
		};
/* End XCBuildConfiguration section */

/* Begin XCConfigurationList section */
		E1DA9DA91D313E30008E9AB4 /* Build configuration list for PBXProject "SwiftNetDemo" */ = {
			isa = XCConfigurationList;
			buildConfigurations = (
				E1DA9DBE1D313E30008E9AB4 /* Debug */,
				E1DA9DBF1D313E30008E9AB4 /* Release */,
			);
			defaultConfigurationIsVisible = 0;
			defaultConfigurationName = Release;
		};
		E1DA9DC01D313E30008E9AB4 /* Build configuration list for PBXNativeTarget "SwiftNetDemo" */ = {
			isa = XCConfigurationList;
			buildConfigurations = (
				E1DA9DC11D313E30008E9AB4 /* Debug */,
				E1DA9DC21D313E30008E9AB4 /* Release */,
			);
			defaultConfigurationIsVisible = 0;
			defaultConfigurationName = Release;
		};
/* End XCConfigurationList section */
	};
	rootObject = E1DA9DA61D313E30008E9AB4 /* Project object */;
}
